<Solution>
  <Folder Name="/samples/">
    <Project Path="samples/Samples.ConsoleApp.OrderProcessing/Samples.ConsoleApp.OrderProcessing.csproj" />
    <Project Path="samples/Samples.ConsoleApp.Pipeline/Samples.ConsoleApp.Pipeline.csproj" />
  </Folder>
  <Folder Name="/src/">
    <Project Path="src/Azara.Pipeline.Commands/Azara.Pipeline.Commands.csproj" />
    <Project Path="src/Azara.Pipeline/Azara.Pipeline.csproj" />
  </Folder>
  <Folder Name="/tests/">
    <Project Path="tests/Azara.Pipeline.Commands.Tests/Azara.Pipeline.Commands.Tests.csproj" />
    <Project Path="tests/Azara.Pipeline.Tests/Azara.Pipeline.Tests.csproj" />
  </Folder>
</Solution>
